
Microsoft Visual Studio Solution File, Format Version 12.00
# Visual Studio Version 17
VisualStudioVersion = 17.9.34902.65
MinimumVisualStudioVersion = 10.0.40219.1
Project("{9A19103F-16F7-4668-BE54-9A1E7A4F7556}") = "ChatDBLibrary", "ChatDBLibrary\ChatDBLibrary.csproj", "{5BEE2188-9A57-4084-B4B4-8698027A50E4}"
EndProject
Project("{9A19103F-16F7-4668-BE54-9A1E7A4F7556}") = "DBTest", "DBTest\DBTest.csproj", "{55F39A6B-75E5-4EFD-9BFB-79CB89344836}"
EndProject
Project("{FAE04EC0-301F-11D3-BF4B-00C04F79EFBC}") = "ChatAppUI", "ChatAppUI\ChatAppUI.csproj", "{4DFD4E02-7CB8-4D07-819D-5632436DDFDD}"
EndProject
Project("{FAE04EC0-301F-11D3-BF4B-00C04F79EFBC}") = "Users", "Users\Users.csproj", "{A1557901-CBC6-47D7-A5E9-6650F46B75DB}"
EndProject
Project("{FAE04EC0-301F-11D3-BF4B-00C04F79EFBC}") = "ChatAppAPI", "ChatAppAPI\ChatAppAPI.csproj", "{4640FFBB-FB16-4836-B18E-E3579CB2E3BA}"
EndProject
Global
	GlobalSection(SolutionConfigurationPlatforms) = preSolution
		Debug|Any CPU = Debug|Any CPU
		Release|Any CPU = Release|Any CPU
	EndGlobalSection
	GlobalSection(ProjectConfigurationPlatforms) = postSolution
		{5BEE2188-9A57-4084-B4B4-8698027A50E4}.Debug|Any CPU.ActiveCfg = Debug|Any CPU
		{5BEE2188-9A57-4084-B4B4-8698027A50E4}.Debug|Any CPU.Build.0 = Debug|Any CPU
		{5BEE2188-9A57-4084-B4B4-8698027A50E4}.Release|Any CPU.ActiveCfg = Release|Any CPU
		{5BEE2188-9A57-4084-B4B4-8698027A50E4}.Release|Any CPU.Build.0 = Release|Any CPU
		{55F39A6B-75E5-4EFD-9BFB-79CB89344836}.Debug|Any CPU.ActiveCfg = Debug|Any CPU
		{55F39A6B-75E5-4EFD-9BFB-79CB89344836}.Debug|Any CPU.Build.0 = Debug|Any CPU
		{55F39A6B-75E5-4EFD-9BFB-79CB89344836}.Release|Any CPU.ActiveCfg = Release|Any CPU
		{55F39A6B-75E5-4EFD-9BFB-79CB89344836}.Release|Any CPU.Build.0 = Release|Any CPU
		{4DFD4E02-7CB8-4D07-819D-5632436DDFDD}.Debug|Any CPU.ActiveCfg = Debug|Any CPU
		{4DFD4E02-7CB8-4D07-819D-5632436DDFDD}.Debug|Any CPU.Build.0 = Debug|Any CPU
		{4DFD4E02-7CB8-4D07-819D-5632436DDFDD}.Release|Any CPU.ActiveCfg = Release|Any CPU
		{4DFD4E02-7CB8-4D07-819D-5632436DDFDD}.Release|Any CPU.Build.0 = Release|Any CPU
		{A1557901-CBC6-47D7-A5E9-6650F46B75DB}.Debug|Any CPU.ActiveCfg = Debug|Any CPU
		{A1557901-CBC6-47D7-A5E9-6650F46B75DB}.Debug|Any CPU.Build.0 = Debug|Any CPU
		{A1557901-CBC6-47D7-A5E9-6650F46B75DB}.Release|Any CPU.ActiveCfg = Release|Any CPU
		{A1557901-CBC6-47D7-A5E9-6650F46B75DB}.Release|Any CPU.Build.0 = Release|Any CPU
		{4640FFBB-FB16-4836-B18E-E3579CB2E3BA}.Debug|Any CPU.ActiveCfg = Debug|Any CPU
		{4640FFBB-FB16-4836-B18E-E3579CB2E3BA}.Debug|Any CPU.Build.0 = Debug|Any CPU
		{4640FFBB-FB16-4836-B18E-E3579CB2E3BA}.Release|Any CPU.ActiveCfg = Release|Any CPU
		{4640FFBB-FB16-4836-B18E-E3579CB2E3BA}.Release|Any CPU.Build.0 = Release|Any CPU
	EndGlobalSection
	GlobalSection(SolutionProperties) = preSolution
		HideSolutionNode = FALSE
	EndGlobalSection
	GlobalSection(ExtensibilityGlobals) = postSolution
		SolutionGuid = {33EC83E5-B38E-443F-BCBA-0BD1042C100F}
	EndGlobalSection
EndGlobal
